
Microsoft Visual Studio Solution File, Format Version 12.00
# Visual Studio 2013
VisualStudioVersion = 12.0.31101.0
MinimumVisualStudioVersion = 10.0.40219.1
Project("{FAE04EC0-301F-11D3-BF4B-00C04F79EFBC}") = "MatchingServer", "MatchingServer\MatchingServer.csproj", "{AE7CDAB9-20AA-44D3-8387-185254A3A9EB}"
EndProject
Global
	GlobalSection(SolutionConfigurationPlatforms) = preSolution
		Debug|Any CPU = Debug|Any CPU
		Release|Any CPU = Release|Any CPU
	EndGlobalSection
	GlobalSection(ProjectConfigurationPlatforms) = postSolution
		{AE7CDAB9-20AA-44D3-8387-185254A3A9EB}.Debug|Any CPU.ActiveCfg = Debug|Any CPU
		{AE7CDAB9-20AA-44D3-8387-185254A3A9EB}.Debug|Any CPU.Build.0 = Debug|Any CPU
		{AE7CDAB9-20AA-44D3-8387-185254A3A9EB}.Release|Any CPU.ActiveCfg = Release|Any CPU
		{AE7CDAB9-20AA-44D3-8387-185254A3A9EB}.Release|Any CPU.Build.0 = Release|Any CPU
	EndGlobalSection
	GlobalSection(SolutionProperties) = preSolution
		HideSolutionNode = FALSE
	EndGlobalSection
EndGlobal
