Microsoft Visual Studio Solution File, Format Version 11.00
# Visual Studio 2008

Project("{F0756B22-D6B3-F62F-E78E-571A667D107E}") = "EverchosenProject", "Assembly-CSharp.csproj", "{17708FEE-45F4-56C0-EFF9-5AE24D332301}"
EndProject
Global
	GlobalSection(SolutionConfigurationPlatforms) = preSolution
		Debug|Any CPU = Debug|Any CPU
		Release|Any CPU = Release|Any CPU
	EndGlobalSection
	GlobalSection(ProjectConfigurationPlatforms) = postSolution
		{17708FEE-45F4-56C0-EFF9-5AE24D332301}.Debug|Any CPU.ActiveCfg = Debug|Any CPU
		{17708FEE-45F4-56C0-EFF9-5AE24D332301}.Debug|Any CPU.Build.0 = Debug|Any CPU
		{17708FEE-45F4-56C0-EFF9-5AE24D332301}.Release|Any CPU.ActiveCfg = Release|Any CPU
		{17708FEE-45F4-56C0-EFF9-5AE24D332301}.Release|Any CPU.Build.0 = Release|Any CPU
	EndGlobalSection
	GlobalSection(SolutionProperties) = preSolution
		HideSolutionNode = FALSE
	EndGlobalSection
	GlobalSection(MonoDevelopProperties) = preSolution
		StartupItem = Assembly-CSharp.csproj
	EndGlobalSection
EndGlobal
