
Microsoft Visual Studio Solution File, Format Version 12.00
# Visual Studio 2015
Project("{FAE04EC0-301F-11D3-BF4B-00C04F79EFBC}") = "EverchosenProject.CSharp.Plugins", "EverchosenProject.CSharp.Plugins.csproj", "{7D92B271-39E8-128E-AC9D-9BC922E5AA9D}"
EndProject
Project("{FAE04EC0-301F-11D3-BF4B-00C04F79EFBC}") = "EverchosenProject.CSharp", "EverchosenProject.CSharp.csproj", "{5675D83C-9AC4-B510-4D56-25DA87F3D3F7}"
EndProject
Project("{FAE04EC0-301F-11D3-BF4B-00C04F79EFBC}") = "EverchosenProject.CSharp.Editor", "EverchosenProject.CSharp.Editor.csproj", "{7BCC64B1-ABB1-51C9-5021-F662E3BC5E75}"
EndProject
Global
	GlobalSection(SolutionConfigurationPlatforms) = preSolution
		Debug|Any CPU = Debug|Any CPU
		Release|Any CPU = Release|Any CPU
	EndGlobalSection
	GlobalSection(ProjectConfigurationPlatforms) = postSolution
		{7D92B271-39E8-128E-AC9D-9BC922E5AA9D}.Debug|Any CPU.ActiveCfg = Debug|Any CPU
		{7D92B271-39E8-128E-AC9D-9BC922E5AA9D}.Debug|Any CPU.Build.0 = Debug|Any CPU
		{7D92B271-39E8-128E-AC9D-9BC922E5AA9D}.Release|Any CPU.ActiveCfg = Release|Any CPU
		{7D92B271-39E8-128E-AC9D-9BC922E5AA9D}.Release|Any CPU.Build.0 = Release|Any CPU
		{5675D83C-9AC4-B510-4D56-25DA87F3D3F7}.Debug|Any CPU.ActiveCfg = Debug|Any CPU
		{5675D83C-9AC4-B510-4D56-25DA87F3D3F7}.Debug|Any CPU.Build.0 = Debug|Any CPU
		{5675D83C-9AC4-B510-4D56-25DA87F3D3F7}.Release|Any CPU.ActiveCfg = Release|Any CPU
		{5675D83C-9AC4-B510-4D56-25DA87F3D3F7}.Release|Any CPU.Build.0 = Release|Any CPU
		{7BCC64B1-ABB1-51C9-5021-F662E3BC5E75}.Debug|Any CPU.ActiveCfg = Debug|Any CPU
		{7BCC64B1-ABB1-51C9-5021-F662E3BC5E75}.Debug|Any CPU.Build.0 = Debug|Any CPU
		{7BCC64B1-ABB1-51C9-5021-F662E3BC5E75}.Release|Any CPU.ActiveCfg = Release|Any CPU
		{7BCC64B1-ABB1-51C9-5021-F662E3BC5E75}.Release|Any CPU.Build.0 = Release|Any CPU
	EndGlobalSection
	GlobalSection(SolutionProperties) = preSolution
		HideSolutionNode = FALSE
	EndGlobalSection
EndGlobal
