
Microsoft Visual Studio Solution File, Format Version 12.00
# Visual Studio 14
VisualStudioVersion = 14.0.25420.1
MinimumVisualStudioVersion = 10.0.40219.1
Project("{FAE04EC0-301F-11D3-BF4B-00C04F79EFBC}") = "EverChosenServer", "EverChosenServer\EverChosenServer.csproj", "{A2A67A1C-9D45-4147-934C-5123D7305937}"
EndProject
Project("{FAE04EC0-301F-11D3-BF4B-00C04F79EFBC}") = "EverChosenPacketLib", "EverChosenPacketLib\EverChosenPacketLib.csproj", "{2DE9868E-7699-4629-81E4-2CE3B47CFA2A}"
EndProject
Global
	GlobalSection(SolutionConfigurationPlatforms) = preSolution
		Debug|Any CPU = Debug|Any CPU
		Release|Any CPU = Release|Any CPU
	EndGlobalSection
	GlobalSection(ProjectConfigurationPlatforms) = postSolution
		{A2A67A1C-9D45-4147-934C-5123D7305937}.Debug|Any CPU.ActiveCfg = Debug|Any CPU
		{A2A67A1C-9D45-4147-934C-5123D7305937}.Debug|Any CPU.Build.0 = Debug|Any CPU
		{A2A67A1C-9D45-4147-934C-5123D7305937}.Release|Any CPU.ActiveCfg = Release|Any CPU
		{A2A67A1C-9D45-4147-934C-5123D7305937}.Release|Any CPU.Build.0 = Release|Any CPU
		{2DE9868E-7699-4629-81E4-2CE3B47CFA2A}.Debug|Any CPU.ActiveCfg = Debug|Any CPU
		{2DE9868E-7699-4629-81E4-2CE3B47CFA2A}.Debug|Any CPU.Build.0 = Debug|Any CPU
		{2DE9868E-7699-4629-81E4-2CE3B47CFA2A}.Release|Any CPU.ActiveCfg = Release|Any CPU
		{2DE9868E-7699-4629-81E4-2CE3B47CFA2A}.Release|Any CPU.Build.0 = Release|Any CPU
	EndGlobalSection
	GlobalSection(SolutionProperties) = preSolution
		HideSolutionNode = FALSE
	EndGlobalSection
EndGlobal
